
Microsoft Visual Studio Solution File, Format Version 12.00
# Visual Studio 15
VisualStudioVersion = 15.0.26124.0
MinimumVisualStudioVersion = 15.0.26124.0
Project("{FAE04EC0-301F-11D3-BF4B-00C04F79EFBC}") = "Domain", "Domain\Domain.csproj", "{027859E2-C1F0-4197-B59B-6E623B606698}"
EndProject
Project("{FAE04EC0-301F-11D3-BF4B-00C04F79EFBC}") = "Persistence", "Persistence\Persistence.csproj", "{B2BFA3B4-DF41-45F9-B12F-068ABB638A24}"
EndProject
Project("{FAE04EC0-301F-11D3-BF4B-00C04F79EFBC}") = "Application", "Application\Application.csproj", "{9870AEFC-A6E3-488B-B7C1-951309CF75D2}"
EndProject
Project("{FAE04EC0-301F-11D3-BF4B-00C04F79EFBC}") = "API", "API\API.csproj", "{BA8F057B-66AE-496C-ACAB-63632C6F9128}"
EndProject
Global
	GlobalSection(SolutionConfigurationPlatforms) = preSolution
		Debug|Any CPU = Debug|Any CPU
		Debug|x64 = Debug|x64
		Debug|x86 = Debug|x86
		Release|Any CPU = Release|Any CPU
		Release|x64 = Release|x64
		Release|x86 = Release|x86
	EndGlobalSection
	GlobalSection(SolutionProperties) = preSolution
		HideSolutionNode = FALSE
	EndGlobalSection
	GlobalSection(ProjectConfigurationPlatforms) = postSolution
		{027859E2-C1F0-4197-B59B-6E623B606698}.Debug|Any CPU.ActiveCfg = Debug|Any CPU
		{027859E2-C1F0-4197-B59B-6E623B606698}.Debug|Any CPU.Build.0 = Debug|Any CPU
		{027859E2-C1F0-4197-B59B-6E623B606698}.Debug|x64.ActiveCfg = Debug|Any CPU
		{027859E2-C1F0-4197-B59B-6E623B606698}.Debug|x64.Build.0 = Debug|Any CPU
		{027859E2-C1F0-4197-B59B-6E623B606698}.Debug|x86.ActiveCfg = Debug|Any CPU
		{027859E2-C1F0-4197-B59B-6E623B606698}.Debug|x86.Build.0 = Debug|Any CPU
		{027859E2-C1F0-4197-B59B-6E623B606698}.Release|Any CPU.ActiveCfg = Release|Any CPU
		{027859E2-C1F0-4197-B59B-6E623B606698}.Release|Any CPU.Build.0 = Release|Any CPU
		{027859E2-C1F0-4197-B59B-6E623B606698}.Release|x64.ActiveCfg = Release|Any CPU
		{027859E2-C1F0-4197-B59B-6E623B606698}.Release|x64.Build.0 = Release|Any CPU
		{027859E2-C1F0-4197-B59B-6E623B606698}.Release|x86.ActiveCfg = Release|Any CPU
		{027859E2-C1F0-4197-B59B-6E623B606698}.Release|x86.Build.0 = Release|Any CPU
		{B2BFA3B4-DF41-45F9-B12F-068ABB638A24}.Debug|Any CPU.ActiveCfg = Debug|Any CPU
		{B2BFA3B4-DF41-45F9-B12F-068ABB638A24}.Debug|Any CPU.Build.0 = Debug|Any CPU
		{B2BFA3B4-DF41-45F9-B12F-068ABB638A24}.Debug|x64.ActiveCfg = Debug|Any CPU
		{B2BFA3B4-DF41-45F9-B12F-068ABB638A24}.Debug|x64.Build.0 = Debug|Any CPU
		{B2BFA3B4-DF41-45F9-B12F-068ABB638A24}.Debug|x86.ActiveCfg = Debug|Any CPU
		{B2BFA3B4-DF41-45F9-B12F-068ABB638A24}.Debug|x86.Build.0 = Debug|Any CPU
		{B2BFA3B4-DF41-45F9-B12F-068ABB638A24}.Release|Any CPU.ActiveCfg = Release|Any CPU
		{B2BFA3B4-DF41-45F9-B12F-068ABB638A24}.Release|Any CPU.Build.0 = Release|Any CPU
		{B2BFA3B4-DF41-45F9-B12F-068ABB638A24}.Release|x64.ActiveCfg = Release|Any CPU
		{B2BFA3B4-DF41-45F9-B12F-068ABB638A24}.Release|x64.Build.0 = Release|Any CPU
		{B2BFA3B4-DF41-45F9-B12F-068ABB638A24}.Release|x86.ActiveCfg = Release|Any CPU
		{B2BFA3B4-DF41-45F9-B12F-068ABB638A24}.Release|x86.Build.0 = Release|Any CPU
		{9870AEFC-A6E3-488B-B7C1-951309CF75D2}.Debug|Any CPU.ActiveCfg = Debug|Any CPU
		{9870AEFC-A6E3-488B-B7C1-951309CF75D2}.Debug|Any CPU.Build.0 = Debug|Any CPU
		{9870AEFC-A6E3-488B-B7C1-951309CF75D2}.Debug|x64.ActiveCfg = Debug|Any CPU
		{9870AEFC-A6E3-488B-B7C1-951309CF75D2}.Debug|x64.Build.0 = Debug|Any CPU
		{9870AEFC-A6E3-488B-B7C1-951309CF75D2}.Debug|x86.ActiveCfg = Debug|Any CPU
		{9870AEFC-A6E3-488B-B7C1-951309CF75D2}.Debug|x86.Build.0 = Debug|Any CPU
		{9870AEFC-A6E3-488B-B7C1-951309CF75D2}.Release|Any CPU.ActiveCfg = Release|Any CPU
		{9870AEFC-A6E3-488B-B7C1-951309CF75D2}.Release|Any CPU.Build.0 = Release|Any CPU
		{9870AEFC-A6E3-488B-B7C1-951309CF75D2}.Release|x64.ActiveCfg = Release|Any CPU
		{9870AEFC-A6E3-488B-B7C1-951309CF75D2}.Release|x64.Build.0 = Release|Any CPU
		{9870AEFC-A6E3-488B-B7C1-951309CF75D2}.Release|x86.ActiveCfg = Release|Any CPU
		{9870AEFC-A6E3-488B-B7C1-951309CF75D2}.Release|x86.Build.0 = Release|Any CPU
		{BA8F057B-66AE-496C-ACAB-63632C6F9128}.Debug|Any CPU.ActiveCfg = Debug|Any CPU
		{BA8F057B-66AE-496C-ACAB-63632C6F9128}.Debug|Any CPU.Build.0 = Debug|Any CPU
		{BA8F057B-66AE-496C-ACAB-63632C6F9128}.Debug|x64.ActiveCfg = Debug|Any CPU
		{BA8F057B-66AE-496C-ACAB-63632C6F9128}.Debug|x64.Build.0 = Debug|Any CPU
		{BA8F057B-66AE-496C-ACAB-63632C6F9128}.Debug|x86.ActiveCfg = Debug|Any CPU
		{BA8F057B-66AE-496C-ACAB-63632C6F9128}.Debug|x86.Build.0 = Debug|Any CPU
		{BA8F057B-66AE-496C-ACAB-63632C6F9128}.Release|Any CPU.ActiveCfg = Release|Any CPU
		{BA8F057B-66AE-496C-ACAB-63632C6F9128}.Release|Any CPU.Build.0 = Release|Any CPU
		{BA8F057B-66AE-496C-ACAB-63632C6F9128}.Release|x64.ActiveCfg = Release|Any CPU
		{BA8F057B-66AE-496C-ACAB-63632C6F9128}.Release|x64.Build.0 = Release|Any CPU
		{BA8F057B-66AE-496C-ACAB-63632C6F9128}.Release|x86.ActiveCfg = Release|Any CPU
		{BA8F057B-66AE-496C-ACAB-63632C6F9128}.Release|x86.Build.0 = Release|Any CPU
	EndGlobalSection
EndGlobal
